{
  "name": "MOYO_ProductManagement",
  "lockfileVersion": 3,
  "requires": true,
  "packages": {
    "": {
      "dependencies": {
        "@picocss/pico": "^1.5.13"
      }
    },
    "node_modules/@picocss/pico": {
      "version": "1.5.13",
      "resolved": "https://registry.npmjs.org/@picocss/pico/-/pico-1.5.13.tgz",
      "integrity": "sha512-BPTeE4JC95+7/vsG9r+6hDR1qUkV4YZ1blI/TI6peOmM94XubjmUDE3jUi4f6DBV6WmCL76ueTct/NerJ33E8A==",
      "license": "MIT"
    }
  }
}
